
Microsoft Visual Studio Solution File, Format Version 12.00
# Visual Studio 15
VisualStudioVersion = 15.0.27130.2003
MinimumVisualStudioVersion = 10.0.40219.1
Project("{F2A71F9B-5D33-465A-A702-920D77279786}") = "dva229_lab4_template", "dva229_lab4_template\dva229_lab4_template.fsproj", "{75B35687-746A-439D-9F51-BF0D8DAE294D}"
EndProject
Global
	GlobalSection(SolutionConfigurationPlatforms) = preSolution
		Debug|Any CPU = Debug|Any CPU
		Release|Any CPU = Release|Any CPU
	EndGlobalSection
	GlobalSection(ProjectConfigurationPlatforms) = postSolution
		{75B35687-746A-439D-9F51-BF0D8DAE294D}.Debug|Any CPU.ActiveCfg = Debug|Any CPU
		{75B35687-746A-439D-9F51-BF0D8DAE294D}.Debug|Any CPU.Build.0 = Debug|Any CPU
		{75B35687-746A-439D-9F51-BF0D8DAE294D}.Release|Any CPU.ActiveCfg = Release|Any CPU
		{75B35687-746A-439D-9F51-BF0D8DAE294D}.Release|Any CPU.Build.0 = Release|Any CPU
	EndGlobalSection
	GlobalSection(SolutionProperties) = preSolution
		HideSolutionNode = FALSE
	EndGlobalSection
	GlobalSection(ExtensibilityGlobals) = postSolution
		SolutionGuid = {6183DDA2-39D3-49B5-A3F6-B62D6ACFC7E7}
	EndGlobalSection
EndGlobal
